
Microsoft Visual Studio Solution File, Format Version 12.00
# Visual Studio 2012
Project("{FAE04EC0-301F-11D3-BF4B-00C04F79EFBC}") = "csharp_lifxemulator", "csharp_lifxemulator\csharp_lifxemulator.csproj", "{7E994267-E507-4487-9143-51ECD7C5CE1B}"
EndProject
Project("{FAE04EC0-301F-11D3-BF4B-00C04F79EFBC}") = "csharp_lifxemulator_console", "csharp_lifxemulator_console\csharp_lifxemulator_console.csproj", "{18765B63-46C6-4CDE-AD1C-C25C45E79278}"
EndProject
Global
	GlobalSection(SolutionConfigurationPlatforms) = preSolution
		Debug|Any CPU = Debug|Any CPU
		Release|Any CPU = Release|Any CPU
	EndGlobalSection
	GlobalSection(ProjectConfigurationPlatforms) = postSolution
		{7E994267-E507-4487-9143-51ECD7C5CE1B}.Debug|Any CPU.ActiveCfg = Debug|Any CPU
		{7E994267-E507-4487-9143-51ECD7C5CE1B}.Debug|Any CPU.Build.0 = Debug|Any CPU
		{7E994267-E507-4487-9143-51ECD7C5CE1B}.Release|Any CPU.ActiveCfg = Release|Any CPU
		{7E994267-E507-4487-9143-51ECD7C5CE1B}.Release|Any CPU.Build.0 = Release|Any CPU
		{18765B63-46C6-4CDE-AD1C-C25C45E79278}.Debug|Any CPU.ActiveCfg = Debug|Any CPU
		{18765B63-46C6-4CDE-AD1C-C25C45E79278}.Debug|Any CPU.Build.0 = Debug|Any CPU
		{18765B63-46C6-4CDE-AD1C-C25C45E79278}.Release|Any CPU.ActiveCfg = Release|Any CPU
		{18765B63-46C6-4CDE-AD1C-C25C45E79278}.Release|Any CPU.Build.0 = Release|Any CPU
	EndGlobalSection
EndGlobal
